
Microsoft Visual Studio Solution File, Format Version 12.00
# Visual Studio Version 17
VisualStudioVersion = 17.3.32929.385
MinimumVisualStudioVersion = 10.0.40219.1
Project("{FAE04EC0-301F-11D3-BF4B-00C04F79EFBC}") = "eVoter", "eVoter.csproj", "{13DAADCF-CD37-4F44-B671-8DD0A03BF3FE}"
EndProject
Global
	GlobalSection(SolutionConfigurationPlatforms) = preSolution
		Debug|Any CPU = Debug|Any CPU
		Release|Any CPU = Release|Any CPU
	EndGlobalSection
	GlobalSection(ProjectConfigurationPlatforms) = postSolution
		{13DAADCF-CD37-4F44-B671-8DD0A03BF3FE}.Debug|Any CPU.ActiveCfg = Debug|Any CPU
		{13DAADCF-CD37-4F44-B671-8DD0A03BF3FE}.Debug|Any CPU.Build.0 = Debug|Any CPU
		{13DAADCF-CD37-4F44-B671-8DD0A03BF3FE}.Release|Any CPU.ActiveCfg = Release|Any CPU
		{13DAADCF-CD37-4F44-B671-8DD0A03BF3FE}.Release|Any CPU.Build.0 = Release|Any CPU
	EndGlobalSection
	GlobalSection(SolutionProperties) = preSolution
		HideSolutionNode = FALSE
	EndGlobalSection
	GlobalSection(ExtensibilityGlobals) = postSolution
		SolutionGuid = {3D274F8D-4175-4E26-815D-86114C4A279A}
	EndGlobalSection
EndGlobal
